
Microsoft Visual Studio Solution File, Format Version 12.00
# Visual Studio Version 17
VisualStudioVersion = 17.9.34902.65
MinimumVisualStudioVersion = 10.0.40219.1
Project("{9A19103F-16F7-4668-BE54-9A1E7A4F7556}") = "RudeAnchorSN", "RudeAnchorSN\RudeAnchorSN.csproj", "{DAC62D66-38C9-46EF-B6D0-4DD0506F2242}"
EndProject
Project("{FAE04EC0-301F-11D3-BF4B-00C04F79EFBC}") = "RudeAnchorSN.DataLayer", "RudeAnchorSN.DataLayer\RudeAnchorSN.DataLayer.csproj", "{4EE8C2EC-2288-4241-ABE1-AD031BB5A051}"
EndProject
Project("{FAE04EC0-301F-11D3-BF4B-00C04F79EFBC}") = "RudeAnchorSN.LogicLayer", "RudeAnchorSN.LogicLayer\RudeAnchorSN.LogicLayer.csproj", "{9623288F-8D99-4A2D-AA7B-EACF5C6367CB}"
EndProject
Global
	GlobalSection(SolutionConfigurationPlatforms) = preSolution
		Debug|Any CPU = Debug|Any CPU
		Release|Any CPU = Release|Any CPU
	EndGlobalSection
	GlobalSection(ProjectConfigurationPlatforms) = postSolution
		{DAC62D66-38C9-46EF-B6D0-4DD0506F2242}.Debug|Any CPU.ActiveCfg = Debug|Any CPU
		{DAC62D66-38C9-46EF-B6D0-4DD0506F2242}.Debug|Any CPU.Build.0 = Debug|Any CPU
		{DAC62D66-38C9-46EF-B6D0-4DD0506F2242}.Release|Any CPU.ActiveCfg = Release|Any CPU
		{DAC62D66-38C9-46EF-B6D0-4DD0506F2242}.Release|Any CPU.Build.0 = Release|Any CPU
		{4EE8C2EC-2288-4241-ABE1-AD031BB5A051}.Debug|Any CPU.ActiveCfg = Debug|Any CPU
		{4EE8C2EC-2288-4241-ABE1-AD031BB5A051}.Debug|Any CPU.Build.0 = Debug|Any CPU
		{4EE8C2EC-2288-4241-ABE1-AD031BB5A051}.Release|Any CPU.ActiveCfg = Release|Any CPU
		{4EE8C2EC-2288-4241-ABE1-AD031BB5A051}.Release|Any CPU.Build.0 = Release|Any CPU
		{9623288F-8D99-4A2D-AA7B-EACF5C6367CB}.Debug|Any CPU.ActiveCfg = Debug|Any CPU
		{9623288F-8D99-4A2D-AA7B-EACF5C6367CB}.Debug|Any CPU.Build.0 = Debug|Any CPU
		{9623288F-8D99-4A2D-AA7B-EACF5C6367CB}.Release|Any CPU.ActiveCfg = Release|Any CPU
		{9623288F-8D99-4A2D-AA7B-EACF5C6367CB}.Release|Any CPU.Build.0 = Release|Any CPU
	EndGlobalSection
	GlobalSection(SolutionProperties) = preSolution
		HideSolutionNode = FALSE
	EndGlobalSection
	GlobalSection(ExtensibilityGlobals) = postSolution
		SolutionGuid = {9524EC64-4AA8-4A6D-8005-5B13F82AD70B}
	EndGlobalSection
EndGlobal
